# THIS IS AN AUTOGENERATED FILE. DO NOT EDIT THIS FILE DIRECTLY.
# yarn lockfile v1


count-up-down@^0.0.1:
  version "0.0.1"
  resolved "https://registry.yarnpkg.com/count-up-down/-/count-up-down-0.0.1.tgz#e038f432cb245093cb12a13391856ddd6bdc72c9"
  integrity sha512-RiVx0P50L67V8BnVkV6qSUxcpbHGdUVAyZMotjIqjxmVhrkktpRpXuwyHab9rIrsVQMkpGhalrpbkM4nJAIQvQ==
